# THIS IS AN AUTOGENERATED FILE. DO NOT EDIT THIS FILE DIRECTLY.
# yarn lockfile v1


react-recaptcha@^2.3.10:
  version "2.3.10"
  resolved "https://registry.yarnpkg.com/react-recaptcha/-/react-recaptcha-2.3.10.tgz#1f7a001f24ab7e1a323fcf1fd8644afecb56f7da"
  integrity sha512-IyanbozsYCuHvTYDuskZTIEcRAMG/sdvAu5b29iQWoC8Kd3Zk9WGCv2oNxh6RfGHvSvgHAyaLjmC6ei/yMsJ7g==
